{
  "name": "cross-solidity",
  "version": "0.0.1",
  "lockfileVersion": 3,
  "requires": true,
  "packages": {
    "": {
      "name": "cross-solidity",
      "version": "0.0.1",
      "hasInstallScript": true,
      "dependencies": {
        "@hyperledger-labs/yui-ibc-solidity": "git+https://github.com/hyperledger-labs/yui-ibc-solidity.git#v0.3.40",
        "@openzeppelin/contracts": "5.0.1",
        "ejs": "^3.1.10",
        "forge-std": "github:foundry-rs/forge-std#v1.11.0"
      },
      "devDependencies": {
        "@foundry-rs/forge": "1.4.1"
      }
    },
    "node_modules/@foundry-rs/forge": {
      "version": "1.4.1",
      "resolved": "https://registry.npmjs.org/@foundry-rs/forge/-/forge-1.4.1.tgz",
      "integrity": "sha512-vfy2ZRmS+kF6/j1KB1+9s5aQBrIvXwcGbk6xm6Q3VXGiaw+gAaZF2mDe/UIBA15ozUh35uGAic4pNZ7DmXTWDQ==",
      "dev": true,
      "hasInstallScript": true,
      "license": "MIT OR Apache-2.0",
      "bin": {
        "forge": "bin/forge.mjs"
      },
      "optionalDependencies": {
        "@foundry-rs/forge-darwin-amd64": "1.4.1",
        "@foundry-rs/forge-darwin-arm64": "1.4.1",
        "@foundry-rs/forge-linux-amd64": "1.4.1",
        "@foundry-rs/forge-linux-arm64": "1.4.1",
        "@foundry-rs/forge-win32-amd64": "1.4.1"
      }
    },
    "node_modules/@foundry-rs/forge-darwin-amd64": {
      "version": "1.4.1",
      "resolved": "https://registry.npmjs.org/@foundry-rs/forge-darwin-amd64/-/forge-darwin-amd64-1.4.1.tgz",
      "integrity": "sha512-BW+yGl0qAX29Yg5EgmzA6SjamP8Taq2zhhhHa0TueMyy5KkXiZtzBYoaDRYaAXBPuTUlAetiGxVu6rnVDjIUaA==",
      "cpu": [
        "x64"
      ],
      "dev": true,
      "license": "MIT OR Apache-2.0",
      "optional": true,
      "os": [
        "darwin"
      ],
      "bin": {
        "forge": "bin/forge"
      },
      "engines": {
        "node": ">=20"
      }
    },
    "node_modules/@foundry-rs/forge-darwin-arm64": {
      "version": "1.4.1",
      "resolved": "https://registry.npmjs.org/@foundry-rs/forge-darwin-arm64/-/forge-darwin-arm64-1.4.1.tgz",
      "integrity": "sha512-GxEWUZVpBjdnONpSTxPdQ0UqrJntWkH508ukLP/7Uy0MtPDpHfL5SsR6vy/5WcnkbhNnCBBmTMJBR0+4fkvdVg==",
      "cpu": [
        "arm64"
      ],
      "dev": true,
      "license": "MIT OR Apache-2.0",
      "optional": true,
      "os": [
        "darwin"
      ],
      "bin": {
        "forge": "bin/forge"
      },
      "engines": {
        "node": ">=20"
      }
    },
    "node_modules/@foundry-rs/forge-linux-amd64": {
      "version": "1.4.1",
      "resolved": "https://registry.npmjs.org/@foundry-rs/forge-linux-amd64/-/forge-linux-amd64-1.4.1.tgz",
      "integrity": "sha512-fqBgVtz2hZQj7wNIvFy7nMe+tZaz2i4XT9nwlmrW0MNNXS3XXXxwTTehFk0WZt0x10+PPuA+XZIFZpCDGb4FUQ==",
      "cpu": [
        "x64"
      ],
      "dev": true,
      "license": "MIT OR Apache-2.0",
      "optional": true,
      "os": [
        "linux"
      ],
      "bin": {
        "forge": "bin/forge"
      },
      "engines": {
        "node": ">=20"
      }
    },
    "node_modules/@foundry-rs/forge-linux-arm64": {
      "version": "1.4.1",
      "resolved": "https://registry.npmjs.org/@foundry-rs/forge-linux-arm64/-/forge-linux-arm64-1.4.1.tgz",
      "integrity": "sha512-LtstcCHq16qns37uKNLByrN1+LyffwN+fI6GNbUR1M4nM78txmpLadPXLmXAOda3RMMqgh/rhI7Ezk/eELONKw==",
      "cpu": [
        "arm64"
      ],
      "dev": true,
      "license": "MIT OR Apache-2.0",
      "optional": true,
      "os": [
        "linux"
      ],
      "bin": {
        "forge": "bin/forge"
      },
      "engines": {
        "node": ">=20"
      }
    },
    "node_modules/@foundry-rs/forge-win32-amd64": {
      "version": "1.4.1",
      "resolved": "https://registry.npmjs.org/@foundry-rs/forge-win32-amd64/-/forge-win32-amd64-1.4.1.tgz",
      "integrity": "sha512-1VqBtmuakWA2zbrl+alJi6nPJdvSNDX4wEo5mWjCTQYL4BehslD4CJM/MiD/5sdbTbavtAAUJq7kC+59nliSpA==",
      "cpu": [
        "x64"
      ],
      "dev": true,
      "license": "MIT OR Apache-2.0",
      "optional": true,
      "os": [
        "win32"
      ],
      "bin": {
        "forge": "bin/forge.exe"
      },
      "engines": {
        "node": ">=20"
      }
    },
    "node_modules/@hyperledger-labs/yui-ibc-solidity": {
      "name": "ibc-solidity",
      "version": "0.1.0",
      "resolved": "git+ssh://git@github.com/hyperledger-labs/yui-ibc-solidity.git#5181e30dc017f259d1f21f5a9c660b3121310ce7",
      "license": "Apache-2.0",
      "dependencies": {
        "@openzeppelin/contracts": "^5.0.1",
        "@openzeppelin/contracts-upgradeable": "^5.0.1"
      }
    },
    "node_modules/@hyperledger-labs/yui-ibc-solidity/node_modules/@openzeppelin/contracts": {
      "version": "5.4.0",
      "resolved": "https://registry.npmjs.org/@openzeppelin/contracts/-/contracts-5.4.0.tgz",
      "integrity": "sha512-eCYgWnLg6WO+X52I16TZt8uEjbtdkgLC0SUX/xnAksjjrQI4Xfn4iBRoI5j55dmlOhDv1Y7BoR3cU7e3WWhC6A==",
      "license": "MIT",
      "peer": true
    },
    "node_modules/@hyperledger-labs/yui-ibc-solidity/node_modules/@openzeppelin/contracts-upgradeable": {
      "version": "5.4.0",
      "resolved": "https://registry.npmjs.org/@openzeppelin/contracts-upgradeable/-/contracts-upgradeable-5.4.0.tgz",
      "integrity": "sha512-STJKyDzUcYuB35Zub1JpWW58JxvrFFVgQ+Ykdr8A9PGXgtq/obF5uoh07k2XmFyPxfnZdPdBdhkJ/n2YxJ87HQ==",
      "license": "MIT",
      "peerDependencies": {
        "@openzeppelin/contracts": "5.4.0"
      }
    },
    "node_modules/@openzeppelin/contracts": {
      "version": "5.0.1",
      "resolved": "https://registry.npmjs.org/@openzeppelin/contracts/-/contracts-5.0.1.tgz",
      "integrity": "sha512-yQJaT5HDp9hYOOp4jTYxMsR02gdFZFXhewX5HW9Jo4fsqSVqqyIO/xTHdWDaKX5a3pv1txmf076Lziz+sO7L1w==",
      "license": "MIT"
    },
    "node_modules/async": {
      "version": "3.2.6",
      "resolved": "https://registry.npmjs.org/async/-/async-3.2.6.tgz",
      "integrity": "sha512-htCUDlxyyCLMgaM3xXg0C0LW2xqfuQ6p05pCEIsXuyQ+a1koYKTuBMzRNwmybfLgvJDMd0r1LTn4+E0Ti6C2AA==",
      "license": "MIT"
    },
    "node_modules/balanced-match": {
      "version": "1.0.2",
      "resolved": "https://registry.npmjs.org/balanced-match/-/balanced-match-1.0.2.tgz",
      "integrity": "sha512-3oSeUO0TMV67hN1AmbXsK4yaqU7tjiHlbxRDZOpH0KW9+CeX4bRAaX0Anxt0tx2MrpRpWwQaPwIlISEJhYU5Pw==",
      "license": "MIT"
    },
    "node_modules/brace-expansion": {
      "version": "2.0.2",
      "resolved": "https://registry.npmjs.org/brace-expansion/-/brace-expansion-2.0.2.tgz",
      "integrity": "sha512-Jt0vHyM+jmUBqojB7E1NIYadt0vI0Qxjxd2TErW94wDz+E2LAm5vKMXXwg6ZZBTHPuUlDgQHKXvjGBdfcF1ZDQ==",
      "license": "MIT",
      "dependencies": {
        "balanced-match": "^1.0.0"
      }
    },
    "node_modules/ejs": {
      "version": "3.1.10",
      "resolved": "https://registry.npmjs.org/ejs/-/ejs-3.1.10.tgz",
      "integrity": "sha512-UeJmFfOrAQS8OJWPZ4qtgHyWExa088/MtK5UEyoJGFH67cDEXkZSviOiKRCZ4Xij0zxI3JECgYs3oKx+AizQBA==",
      "license": "Apache-2.0",
      "dependencies": {
        "jake": "^10.8.5"
      },
      "bin": {
        "ejs": "bin/cli.js"
      },
      "engines": {
        "node": ">=0.10.0"
      }
    },
    "node_modules/filelist": {
      "version": "1.0.4",
      "resolved": "https://registry.npmjs.org/filelist/-/filelist-1.0.4.tgz",
      "integrity": "sha512-w1cEuf3S+DrLCQL7ET6kz+gmlJdbq9J7yXCSjK/OZCPA+qEN1WyF4ZAf0YYJa4/shHJra2t/d/r8SV4Ji+x+8Q==",
      "license": "Apache-2.0",
      "dependencies": {
        "minimatch": "^5.0.1"
      }
    },
    "node_modules/forge-std": {
      "version": "1.11.0",
      "resolved": "git+ssh://git@github.com/foundry-rs/forge-std.git#8e40513d678f392f398620b3ef2b418648b33e89",
      "license": "(Apache-2.0 OR MIT)"
    },
    "node_modules/jake": {
      "version": "10.9.4",
      "resolved": "https://registry.npmjs.org/jake/-/jake-10.9.4.tgz",
      "integrity": "sha512-wpHYzhxiVQL+IV05BLE2Xn34zW1S223hvjtqk0+gsPrwd/8JNLXJgZZM/iPFsYc1xyphF+6M6EvdE5E9MBGkDA==",
      "license": "Apache-2.0",
      "dependencies": {
        "async": "^3.2.6",
        "filelist": "^1.0.4",
        "picocolors": "^1.1.1"
      },
      "bin": {
        "jake": "bin/cli.js"
      },
      "engines": {
        "node": ">=10"
      }
    },
    "node_modules/minimatch": {
      "version": "5.1.6",
      "resolved": "https://registry.npmjs.org/minimatch/-/minimatch-5.1.6.tgz",
      "integrity": "sha512-lKwV/1brpG6mBUFHtb7NUmtABCb2WZZmm2wNiOA5hAb8VdCS4B3dtMWyvcoViccwAW/COERjXLt0zP1zXUN26g==",
      "license": "ISC",
      "dependencies": {
        "brace-expansion": "^2.0.1"
      },
      "engines": {
        "node": ">=10"
      }
    },
    "node_modules/picocolors": {
      "version": "1.1.1",
      "resolved": "https://registry.npmjs.org/picocolors/-/picocolors-1.1.1.tgz",
      "integrity": "sha512-xceH2snhtb5M9liqDsmEw56le376mTZkEX/jEb/RxNFyegNul7eNslCXP9FDj/Lcu0X8KEyMceP2ntpaHrDEVA==",
      "license": "ISC"
    }
  }
}
